akr-lock 0.1
project raw-autotune

build {
    tool "akr 0.1.0"
    grammar "0.1"
    vocabulary "0.2"
    source_graph "sha256:f94ecb2d1bd3cee7bebedefa4a18299e92b3294dea996ff306b40eaafc91438b"
}

source ".akr/project.akr" {
    hash "sha256:497c010469d62d67f25793878480213c57676d4b500cf7de585bf8192a939f39"
    records 0
}

source ".akr/records/raw-autotune/assessments.akr" {
    hash "sha256:cbe85e3fde10c03aab3c5b3118a3db9a9b834717d7e8659017ea771f91604e0a"
    records 1
}

source ".akr/records/raw-autotune/decisions.akr" {
    hash "sha256:ec7d9928aee852b1eb775941d7d91eacb84e1cf04e59370147927602bc435bb8"
    records 5
}

source ".akr/records/raw-autotune/evidence.akr" {
    hash "sha256:09da34dabd585adfaf437ee9a34785d21ca0b626848107235d8cb50152ad9cf0"
    records 52
}

source ".akr/records/raw-autotune/papercuts.akr" {
    hash "sha256:5e3aa4cb254e9d9e49e9701b201b76330213279b57ff2d12666959797322402b"
    records 41
}

source ".akr/records/raw-autotune/policies.akr" {
    hash "sha256:0f4d86d4429d4298ef5586e61abab07fe8496aeb8acd1f1df799bb517d85ff9d"
    records 2
}

source ".akr/records/raw-autotune/requirements.akr" {
    hash "sha256:0fdbcacadc632957ec2c447e518a42d335273f7b065e5de8e5ed7006cc8a0bc3"
    records 3
}

source ".akr/records/raw-autotune/work.akr" {
    hash "sha256:642f9f28c1bbb38f934a71fc804e7242f122392eadfb0a3581991891e54fe064"
    records 29
}

seal @raw-autotune.assessment.sky-blowout-estimator-handoff/1 {
    state verified
    hash "sha256:2639b99f2b61219165f9b8c9d8887af65e0e51d6c6eae57a9357b99b7bda1a81"
}

seal @raw-autotune.evidence.backlit-foliage-glow-is-exposure-20260810/1 {
    state superseded
    hash "sha256:bc81544383ac1f996fdfb73f48f815b3bbdb6db580c3d49969193ae5c0d80c2e"
}

seal @raw-autotune.evidence.backlit-foliage-glow-is-exposure-20260810/2 {
    state verified
    hash "sha256:15600de1a45586995ef7498d1a8afd6aed0661f4499589d411755c60c8f3e914"
}

seal @raw-autotune.evidence.blown-sky-renders-white-again/1 {
    state verified
    hash "sha256:461e672a7e37d2c4968dd22b3717d6bfb54ff1dc621ba5a4c4a951b41e27eeb2"
}

seal @raw-autotune.evidence.compression-highlight-default-rollback-identity-20260810/1 {
    state verified
    hash "sha256:fb56a6d19b94363bcfa74bad107697d1baec2889ef39028d32abc14df43a9abb"
}

seal @raw-autotune.evidence.compression-highlight-default-rollback-tests-20260810/1 {
    state verified
    hash "sha256:a52f69bcd8a7214b2c9d606fe710600a5dea1fde9a913e850885f2076c435269"
}

seal @raw-autotune.evidence.compression-highlight-paired-gate-20260810/1 {
    state verified
    hash "sha256:3eda3606ae7bec4a9cb73bd12fb8a0b4b1055aef5e95f5dbc063931467303e30"
}

seal @raw-autotune.evidence.compression-highlight-regression-gate-20260810/1 {
    state verified
    hash "sha256:3e82add2c2147387b84f24b71f867d44d062ea4c228c107d093a31bbef1a98ec"
}

seal @raw-autotune.evidence.compression-highlight-rejection-recorded-20260810/1 {
    state verified
    hash "sha256:9de2d45f9013cdd263184eab77524a0eb1251f1b8e2ef6fe14042ad65c8771a6"
}

seal @raw-autotune.evidence.compression-highlight-sky-gate-20260810/1 {
    state verified
    hash "sha256:a43c7deea6f87786aac294a299bc8f1f793cc1e326769ad2ba2c420f13f34903"
}

seal @raw-autotune.evidence.compression-highlight-visual-rejection-20260810/1 {
    state verified
    hash "sha256:f2d41cc4ee683bdb04dc92fae30a84a31e622998e3a318c377281c0d92f28619"
}

seal @raw-autotune.evidence.compression-ratio-batch-gate/1 {
    state superseded
    hash "sha256:bbc3d2937f4cd926fc3329520c6996869b9875757be4253e36a2a798f1ada27d"
}

seal @raw-autotune.evidence.compression-ratio-batch-gate/2 {
    state verified
    hash "sha256:479bd5544d0ba3821521ae928f3f15e136a9334228c55570f10d20eec3cde550"
}

seal @raw-autotune.evidence.exact-lens-profile-gate/1 {
    state superseded
    hash "sha256:4b57ff5379a05df266b35ab5cf88b80766d43202de9a41d9d4fc033f7d05f4b9"
}

seal @raw-autotune.evidence.exact-lens-profile-gate/2 {
    state verified
    hash "sha256:0734ab30359fa7af4b359c843abf8c30db5bdd06098b5acb02353b1c51116ae0"
}

seal @raw-autotune.evidence.first-principles-highlight-suite-20260809/1 {
    state verified
    hash "sha256:1d0d30ff91f2e1670d0415af99554a8d3da87e9a28fde8a21caeab5997aaf6bb"
}

seal @raw-autotune.evidence.harmonic-abstention-full-suite-20260809/1 {
    state verified
    hash "sha256:48bd0c8df1256e174877ceb1958bc5d395afa3549bf59b4264bd55128d9c64be"
}

seal @raw-autotune.evidence.harmonic-chroma-envelope-tests-20260809/1 {
    state verified
    hash "sha256:259ee0af33a083ff58ac731fdac1864af2cba798b1613efe7b5bdb1e5d4f96e9"
}

seal @raw-autotune.evidence.harmonic-core-ramp-full-suite-20260810/1 {
    state verified
    hash "sha256:b0ba2f929a8ea107b2969f148402332f646ebc76cec2749bedc20aae4e2b35f0"
}

seal @raw-autotune.evidence.harmonic-core-ramp-render-20260810/1 {
    state verified
    hash "sha256:2c8513304de8b987e3f509ae183c1ce7d9c8f48a2fab81efad2e0c3cf7e086dc"
}

seal @raw-autotune.evidence.harmonic-default-output-identity-20260810/1 {
    state verified
    hash "sha256:f34c4a488f803fa25d3caddb1d6a1d7b9b9436036f5e139cfceaf0aba44da15b"
}

seal @raw-autotune.evidence.harmonic-default-output-identity-committed-20260810/1 {
    state verified
    hash "sha256:3c7f39600ae7badbc2ee0799e272100247f960bdc8e56ceb387b19466007b7c3"
}

seal @raw-autotune.evidence.harmonic-default-profile-consistency-20260810/1 {
    state verified
    hash "sha256:52c12c572e033506824ad3a164880e0aa7c0f79f295da16c56970143b1ef9dcf"
}

seal @raw-autotune.evidence.harmonic-default-profile-consistency-committed-20260810/1 {
    state verified
    hash "sha256:cbab712cf7b2e520b8796e6725a0e796114035d9c025b667baa9bad13e3af9d9"
}

seal @raw-autotune.evidence.harmonic-default-promotion-full-gate-20260810/1 {
    state verified
    hash "sha256:8a58d85fe1a33080ee44d01dcb18c7bcd4d94811861922ae8a15a575c377c6bf"
}

seal @raw-autotune.evidence.harmonic-default-promotion-full-gate-committed-20260810/1 {
    state verified
    hash "sha256:8c243c880b1b76defa6dc91be0e7dbe05345b1c64419a93b2d3a91d02904bd3f"
}

seal @raw-autotune.evidence.harmonic-leverage-abstention-20260809/1 {
    state verified
    hash "sha256:d8df115a414e68247d73ccfc3a061314af901cf0cd48af940e1c553eb59e44be"
}

seal @raw-autotune.evidence.harmonic-magenta-stage-diagnosis-20260809/1 {
    state verified
    hash "sha256:15426a68456a11afd74138733beb7644c6d3801e2f2d800b14a2e9ea7535f114"
}

seal @raw-autotune.evidence.harmonic-real-frame-rss-20260809/1 {
    state verified
    hash "sha256:3cc42bc5af8261f508e005aabb74ba1635cc9c7f43cb6a4b8f4c28a4faad4810"
}

seal @raw-autotune.evidence.harmonic-spatial-chroma-corpus-render/1 {
    state verified
    hash "sha256:140d207502fb1011fd4cd416c45c5c366d56e791eda753937ec3dab3f978eed8"
}

seal @raw-autotune.evidence.harmonic-spatial-chroma-full-suite/1 {
    state verified
    hash "sha256:4a22738b30aeef18a27100d221f6066558d8e0cd41947f7605df8c23a11e3123"
}

seal @raw-autotune.evidence.harmonic-spatial-chroma-synthetic-gate/1 {
    state verified
    hash "sha256:e6f1a720d5166a162b9af0ff2aeed5ce374636f8f0671a847984afde20313cdb"
}

seal @raw-autotune.evidence.highlight-fringe-origin-controls/1 {
    state superseded
    hash "sha256:75c33e1375bed89b5e6eb9420ee6717da5401d5dd50e4fedc14bf32d2881fb49"
}

seal @raw-autotune.evidence.highlight-fringe-origin-controls/2 {
    state verified
    hash "sha256:a0564b43e5b803bc18606a2686ab3230af3acba4dceb7f177cf33a474dbaf186"
}

seal @raw-autotune.evidence.highlight-method-bench-20260809/1 {
    state verified
    hash "sha256:97a81d90a883b06ad649d96927d4708efaab598a60af0283b785141406ca8788"
}

seal @raw-autotune.evidence.highlight-real-frame-gate-unavailable-20260809/1 {
    state verified
    hash "sha256:d338464f8e7609f30e2aae77605195df33c253d623159d3363b57b059e2ff1f3"
}

seal @raw-autotune.evidence.highlight-white-path-regression-gate/1 {
    state superseded
    hash "sha256:b152e859b22116190bd8a63bb4ac188786712a35b689a39e10c6d49b376be1df"
}

seal @raw-autotune.evidence.highlight-white-path-regression-gate/2 {
    state verified
    hash "sha256:0329d14f325ef4c0d019e907789a7a91cf46f8d784d5e1eb371d4be2c97ae6cc"
}

seal @raw-autotune.evidence.highlight-white-path-target-grade/1 {
    state superseded
    hash "sha256:5757acbc6c5482bc90b92af9b02ce0f46b2d73ea9a0f5e9e2442ac1916106b55"
}

seal @raw-autotune.evidence.highlight-white-path-target-grade/2 {
    state verified
    hash "sha256:7cc1343b6bf91eda35a8b460a450740ffbaf2a1ba918a19d56a0c7227db8a5c9"
}

seal @raw-autotune.evidence.profile-experiment-regression-gate/1 {
    state superseded
    hash "sha256:efc9dbfd815b0ce23acac831de68120bf5c6e52b960863ab395551199b588423"
}

seal @raw-autotune.evidence.profile-experiment-regression-gate/2 {
    state verified
    hash "sha256:08aa4effc024da5b42420df970b03b351aad5eb0c03754c8c5e0fd0118e81c32"
}

seal @raw-autotune.evidence.profile-memory-safety-gate/1 {
    state superseded
    hash "sha256:f9f07440722d1c502b1a0c0b833dd6aa1377163cc35aeb8bfcba858ed7fc8c2f"
}

seal @raw-autotune.evidence.profile-memory-safety-gate/2 {
    state verified
    hash "sha256:ca37832b1bb70087b872a47fde3187d924b76ffb012eca8ef059259fc493edde"
}

seal @raw-autotune.evidence.raw-highlight-invariants-20260809/1 {
    state verified
    hash "sha256:bed47ea3229883d94c25b6330531907ffe1ebd8c38bb8077e93e952d1af67213"
}

seal @raw-autotune.evidence.residual-purple-sky-scope-review/1 {
    state superseded
    hash "sha256:90f164a0cce938d063038354ef00a6dde5e6c821078a8f21b465ed1c55c70604"
}

seal @raw-autotune.evidence.residual-purple-sky-scope-review/2 {
    state verified
    hash "sha256:eddd3c14ffef667c43e660d3060817dcf509f259ba231cf7cbf49756e0b44522"
}

seal @raw-autotune.evidence.sky-stage-attribution-20260809/1 {
    state verified
    hash "sha256:2b7e19472a29c1d388dd5d1e44cc5bbbe1fb11e69f7ab7b7e82203be6a07470f"
}

seal @raw-autotune.evidence.slice-1-diagnostic-dumps-verify/1 {
    state verified
    hash "sha256:57b8bc88187b669828cabe3241606091d95261b250584829e16bfb5a94c59f53"
}

seal @raw-autotune.evidence.slice-4-confidence-plumbing-verify/1 {
    state verified
    hash "sha256:d38b92f316cab7dcc2276a4ddee450e2eb5af50cbcf9a2d437b7a1133d00f240"
}

seal @raw-autotune.evidence.slice-6-uncertainty-gated-chroma-verify/1 {
    state verified
    hash "sha256:178d1ede83406cf7f995ebc0bf148def5dec5fe2b0cdc807cbb6755ed5bf5c5a"
}

seal @raw-autotune.evidence.transport-area-ramp-20260809/1 {
    state verified
    hash "sha256:8fbe9f539703fd3ccf32a9a43c64c49b0c1ad202accd2756b959568a84565ad1"
}

seal @raw-autotune.evidence.uncertainty-gate-consolidation/1 {
    state verified
    hash "sha256:cd3b3bde7239b0078fecc86e514e7de911650dcb997cf619dc8b8e62424b5e00"
}

seal @raw-autotune.papercut.a-chained-focused-test-build-command-exceeded/1 {
    state verified
    hash "sha256:6379df805b543af9fc3f194f67fc6b5d3b8198dddb2a5962597a4391970679e7"
}

seal @raw-autotune.papercut.a-combined-read-only-akr-get-for-three-known/1 {
    state verified
    hash "sha256:30ebf0ba55a5f732d08675e2c14b7dff638d9b55c8bec8b39fa330fee9242c7f"
}

seal @raw-autotune.papercut.a-fresh-evidence-add-used-an-inferred-expansion/1 {
    state verified
    hash "sha256:1e1d5caf72e907cd56ba53b4a0afe74a3b9e70a44d6e048d88c170a385a2a5ad"
}

seal @raw-autotune.papercut.a-powershell-measure-object-call-using-a/1 {
    state verified
    hash "sha256:2d61fc32ccbee30cfe7ffc4773bad09cebaa34194fa712cfc925b03eef399a80"
}

seal @raw-autotune.papercut.a-release-build-invocation-returned-without/1 {
    state verified
    hash "sha256:c2ab5d51ace1d908de2b12bba57757ed9235ee40d49b4033e686f76d7b23c5c9"
}

seal @raw-autotune.papercut.a-targeted-cargo-test-invocation-with-two-exact/1 {
    state verified
    hash "sha256:6b124b7934b1706078dd9f6fc3ac13ea8da6a2120795248d203d21e7aad025de"
}

seal @raw-autotune.papercut.a-two-frame-lens-correction-profile-exact/1 {
    state verified
    hash "sha256:0c700ed86dd31322bf8c7298dd4517997c9eb0c99ef9cdee8a3972b53549f975"
}

seal @raw-autotune.papercut.akr-check-passed-with-commit-none-before-commit/1 {
    state verified
    hash "sha256:29de8487a4c83ddcf5f272bef083624c334053db1e33e046286faf568575a09a"
}

seal @raw-autotune.papercut.akr-explain-assessment-lists-optional-as-of-but/1 {
    state verified
    hash "sha256:4e7b3c9fc456edf86912d5dc7e99258b4ca4dd040206197656234f322503633e"
}

seal @raw-autotune.papercut.akr-get-shows-a-record-key-and-revision-but-not/1 {
    state verified
    hash "sha256:72563e459ac79372f973d673c037de5a316dd1bf82fe0da9893bfbbfa2e9c416"
}

seal @raw-autotune.papercut.akr-propose-from-rejected-a-prose-body-as-does/1 {
    state verified
    hash "sha256:47245cc0493245b65b48d991e1eeeedcee97be2c6d902bb3186d769eca2990ca"
}

seal @raw-autotune.papercut.akr-revise-from-help-describes-a-replacement/1 {
    state verified
    hash "sha256:b8911d8494a64de4310433da59ca3ca2ee1d48f4e07db4481ac36f66cc8fa76c"
}

seal @raw-autotune.papercut.akr-search-prints-record-identifiers-with/1 {
    state verified
    hash "sha256:950b80fbce59197c4859f83b1b1569ec4ec2e9b5ba00c3fe26c0f951afd928c4"
}

seal @raw-autotune.papercut.akr-supersede-documented-with-a-replacement-key/1 {
    state verified
    hash "sha256:303af0949b12e2a27f47ae0a3aeb7d76f52d943f1952aaef74a90d07e83f14f4"
}

seal @raw-autotune.papercut.cargo-test-accepts-one-positional-testname/1 {
    state verified
    hash "sha256:13a2f078decd221c325eb55a149bece27a591c6f1cce372af23ea119fcb5a35e"
}

seal @raw-autotune.papercut.cargo-test-accepts-only-one-positional-test/1 {
    state verified
    hash "sha256:05417feeceb1dbc39b9427e4404d41eeb04a6ad19e6c1731015ab88c091718ae"
}

seal @raw-autotune.papercut.fff-find-files-again-closed-its-transport-while/1 {
    state verified
    hash "sha256:2aff343190a041906df2cc7ab4f2bb1f9ae6622a26caea5e42283a80a4158fa4"
}

seal @raw-autotune.papercut.fff-multi-grep-returned-transport-closed-while/1 {
    state verified
    hash "sha256:901ea8537e2d14a9d80ef8685b69de6e44e689432ee2fc94daf58f0625287722"
}

seal @raw-autotune.papercut.fff-multi-grep-still-closes-its-transport-when/1 {
    state verified
    hash "sha256:d891f53292fb5051084bd7c0136974b050d6c6d2258141a73660435d1f493e1b"
}

seal @raw-autotune.papercut.forwarding-six-full-resolution-diagnostic-pngs/1 {
    state verified
    hash "sha256:6a70097e40f4ff1fef02f7afda0433cee47a80bb59982ae21c0edcebf6956ef4"
}

seal @raw-autotune.papercut.grade-sky-py-reported-zero-pairs-on-a-normal/1 {
    state verified
    hash "sha256:22bfbd4a5c102829f41b2922860938fe95fd2293d314fce571d521a5fe5bb70b"
}

seal @raw-autotune.papercut.imagemagick-compare-returns-exit-status-1-when/1 {
    state verified
    hash "sha256:10fce3cdfecd9c5a8d68538ff249ebfecd110157efe12433a44bfb5261ac69f9"
}

seal @raw-autotune.papercut.imagemagick-crop-review-composition-initially/1 {
    state verified
    hash "sha256:2305018d2124c29e943042744a09e54619b47c38b3ea317a92b3807cdffb1ed3"
}

seal @raw-autotune.papercut.knowledge-context-rejects-a-completed-work/1 {
    state verified
    hash "sha256:038dd0705772b167344a74da378ddb650ed0952af5a202a85d4ed81b07f192f3"
}

seal @raw-autotune.papercut.knowledge-explain-observation-and-knowledge/1 {
    state verified
    hash "sha256:5570a67c5cde54ab35da985ae5fa5f2eef721e8b19805cd4feba871702310ba6"
}

seal @raw-autotune.papercut.knowledge-search-and-knowledge-start-via-the/1 {
    state verified
    hash "sha256:dc86069ee58851744ff9ace7348c22bf7a4813aed6322666984229716807159a"
}

seal @raw-autotune.papercut.re-running-stage-dumps-into-an-explicit-tmp/1 {
    state verified
    hash "sha256:c0067b95fc86fdcd14a8bd26cf374b5b78935b60cdba1741f8c49b499f3a14dc"
}

seal @raw-autotune.papercut.running-several-read-only-akr-search-commands/1 {
    state verified
    hash "sha256:a554ba4c4ff38e4492bbb814d6c657a48139ccd54832dfd52d840e87fad2e129"
}

seal @raw-autotune.papercut.the-agents-protocol-names-knowledge-context-as/1 {
    state verified
    hash "sha256:c55867b90958947e09a8156a83cd7500f831f1b8c7be7c26b90ff61836796af2"
}

seal @raw-autotune.papercut.the-akr-cli-search-syntax-differs-from-the-mcp/1 {
    state verified
    hash "sha256:ff7e15b7e5bd17663a10d9071a497d8b218a365f3702e6eb6947cd2278ea2858"
}

seal @raw-autotune.papercut.the-first-focused-cargo-test-invocation-passed/1 {
    state verified
    hash "sha256:6a94cdaa958531c1366adcb5b185ca88a661683756e549d2346803a2e58f60ec"
}

seal @raw-autotune.papercut.the-first-focused-release-test-compile-exceeded/1 {
    state verified
    hash "sha256:7daa54c7d0d31b7c4d3be409cc82593d7f0c99fd82a9a2a32d6cb3b73af47839"
}

seal @raw-autotune.papercut.the-full-batch-process-stopped-at-the-execution/1 {
    state verified
    hash "sha256:312235f55bad0f7406a89cb70521bbd4e88541b57ce9c415db16c5725537a414"
}

seal @raw-autotune.papercut.the-jobs-8-determinism-harness-used-get/1 {
    state verified
    hash "sha256:4873030cdd14265d4bf67c7bee729c48ded4703fd056cd8f47b187d576f39bea"
}

seal @raw-autotune.papercut.the-knowledge-context-mcp-connector-returned/1 {
    state verified
    hash "sha256:f5bba1c25047c16344d7508956e2c52af8d7a4102233f5ef6d5f070a3c398214"
}

seal @raw-autotune.papercut.the-unit-tests-that-pinned-the-da23c5f-near/1 {
    state verified
    hash "sha256:c49cc925918066cd6e1085d7148a23598219fad099e7633169f937aa0acffe67"
}

seal @raw-autotune.papercut.updating-a-decision-record-initially-failed/1 {
    state verified
    hash "sha256:3a46c4842839cbafb1c5db53a30aa2229c4c467c43bdb092e4e49e6e432d54aa"
}

seal @raw-autotune.papercut.while-locating-hdr-sky-local-tone-and/1 {
    state verified
    hash "sha256:1ee0b5fc47cbbd2816d657eee3e68357f29278900a0f111e7d3ad5a9ec2d8974"
}

seal @raw-autotune.papercut.while-proposing-the-follow-on-work-record-a/1 {
    state verified
    hash "sha256:ea8eb78714396b504ee678659e381f41793dcbab36dbd196d0e899d7ecf065db"
}

seal @raw-autotune.papercut.while-recording-the-visual-rejection-two-apply/1 {
    state verified
    hash "sha256:9747f0d2630cfae0c6e89fb0d4632e92513f0dd926b893be30ec5de4db256a8f"
}

seal @raw-autotune.papercut.while-running-three-targeted-rust-tests-i/1 {
    state verified
    hash "sha256:c5e3288ae283b176cb9f30c153936a292f2f27597c653169464a0ffd98e80ef3"
}

seal @raw-autotune.work.compression-aware-highlight-ratio-promotion/1 {
    state superseded
    hash "sha256:4686a6951be3dae5f730cc9a3d7e5b2ec45b3d3fa466908854e3b5ea6b70dce1"
}

seal @raw-autotune.work.compression-aware-highlight-ratio-promotion/2 {
    state superseded
    hash "sha256:32d1914c0f185407cf224cc829e09edee4d984bd4fd3760466daa1770a5eaa40"
}

seal @raw-autotune.work.harmonic-highlight-default-promotion/1 {
    state completed
    hash "sha256:5968a6d5acbab27960b4150adc0ae654f4a8b3b46fec06124256dbe3cd853550"
}

seal @raw-autotune.work.harmonic-highlight-experiment/1 {
    state superseded
    hash "sha256:139e77ccb9c822e057b9e8efca3af3a30f0c811277aa4a4a68f4da4e7cd40ab7"
}

seal @raw-autotune.work.harmonic-highlight-experiment/2 {
    state superseded
    hash "sha256:07491b035668d50475ee396433e5f90be3c6df66a6943e876de3bdc40d4200cf"
}

seal @raw-autotune.work.harmonic-highlight-experiment/3 {
    state superseded
    hash "sha256:e7126792ed1c5499b277a53a97ff108de68a044180058709f3cfa8ae4c3e31b2"
}

seal @raw-autotune.work.harmonic-highlight-experiment/4 {
    state superseded
    hash "sha256:e2908839da851f5c148d787fe2983d661493d1c2c8522eb6b670aec3f8ea12bb"
}

seal @raw-autotune.work.harmonic-highlight-experiment/5 {
    state completed
    hash "sha256:46101314d46a382245f8fd729154549621f6af01307c9121460a2736c3910f39"
}

seal @raw-autotune.work.highlight-boundary-fringe-diagnosis/1 {
    state completed
    hash "sha256:d584b8a674a24e27dadbd7e0cc6d4429bd1637785f16c8e5e7ffe20402287556"
}

seal @raw-autotune.work.profiled-purple-sky-experiment/1 {
    state completed
    hash "sha256:34203101ffbe4f16ae39d694eb6e55f3171947d5270cfd988276f3c567e1e02e"
}

seal @raw-autotune.work.raw-pyramid-highlight-baseline/1 {
    state active
    hash "sha256:9731ae0d32ded527127f1f96e154f5e0170c5bbb02b5b870fb0c1dddd96c7cad"
}

seal @raw-autotune.work.residual-purple-sky-external-scope/1 {
    state completed
    hash "sha256:2fa06f102ad0b32b14f497d71860ec974f25cf54920938141dd538d3d259b386"
}

seal @raw-autotune.work.rollback-compression-highlight-ratio-default/1 {
    state superseded
    hash "sha256:32b3892d3dcdb6d4fbb041aaa8c7cf4df7c6d2c2f351585267b4cfcd55d687ec"
}

seal @raw-autotune.work.rollback-compression-highlight-ratio-default/2 {
    state superseded
    hash "sha256:649163cf69ebd29f6e3fb17fdfb60ca5ec12bf401ed6a939f9942bb35ae12b28"
}

seal @raw-autotune.work.slice-1-diagnostic-dumps-and-clip-state-map/1 {
    state completed
    hash "sha256:9976deec55921bf6ff8569519d4331e9b8f9dd6c2f91a1688ef5b085916bb10e"
}

seal @raw-autotune.work.slice-2-synthetic-ramp-suite-and-ablation/1 {
    state completed
    hash "sha256:43a6d249ba97592ae06dfb627205db5fda4d761d56baa3c51986dff5705ece59"
}

seal @raw-autotune.work.slice-4-raw-domain-confidence-plumbing-phase-b-4/1 {
    state completed
    hash "sha256:b3c5d351b62253cf80e24f11a64e45ce19d21fd5876a8e4f70c4a1e144c25f59"
}

seal @raw-autotune.work.slice-6-uncertainty-gated-chroma-limiting-phase/1 {
    state completed
    hash "sha256:cce5843f71c170d20e14a7a3284c3e6c538fa4a6f83c83a1c50ccf32673661db"
}

seal @raw-autotune.work.slice-8-local-tone-sky-ground-hdr-evaluation/1 {
    state superseded
    hash "sha256:520ad480c3c4850072506ce9af76979aaf7d8db0a810a2d26570f939fe811c0c"
}

seal @raw-autotune.work.slice-8-local-tone-sky-ground-hdr-evaluation/2 {
    state active
    hash "sha256:1a9b756c4306c65be43069849e4bcff6591bc474674daf45716475f8fc2eee2f"
}
