akr-lock 0.1
project raw-autotune

build {
    tool "akr 0.3.1"
    grammar "0.1"
    vocabulary "0.2"
    source_graph "sha256:b6751391b55f0119fe8a67ba1cce9f380c2730a9aa56aab082ad86034a03ab89"
}

source ".akr/project.akr" {
    hash "sha256:497c010469d62d67f25793878480213c57676d4b500cf7de585bf8192a939f39"
    records 0
}

source ".akr/records/raw-autotune/assessments.akr" {
    hash "sha256:dff4304316f948fb8d8ecc8f7f9e63cb1357e9d21705187df2228d92a4bbe1b3"
    records 3
}

source ".akr/records/raw-autotune/decisions.akr" {
    hash "sha256:a54815d894702c65d8ce9864fd88d566ed6f25646837438a37bcb2afeec0abc0"
    records 6
}

source ".akr/records/raw-autotune/evidence.akr" {
    hash "sha256:445bfee5fcf2fe90fa021fa93cffb4c892a02b76309971a854950d06ad3c32a6"
    records 111
}

source ".akr/records/raw-autotune/papercuts.akr" {
    hash "sha256:162225794bf71fcbb25446f42cfbb6e5acfaf2cebe70f44abc1274a0e9208bf5"
    records 54
}

source ".akr/records/raw-autotune/policies.akr" {
    hash "sha256:0f4d86d4429d4298ef5586e61abab07fe8496aeb8acd1f1df799bb517d85ff9d"
    records 2
}

source ".akr/records/raw-autotune/requirements.akr" {
    hash "sha256:42532fc31dfce1fbc1b4da789822e3d30aee92bfb5abaec3e64b45486d011e17"
    records 3
}

source ".akr/records/raw-autotune/work.akr" {
    hash "sha256:0ef7a9181a6a9b9cb1e82b62c3773a1d2941e9ffb22f835954870ee1bc5e7451"
    records 47
}

resolution @raw-autotune.work.lege-gpu-onnx-session/1 {
    slot implements
    to @raw-autotune.decision.scene-perception-uses-lege-gpu-prepared-graphs/1
    hash "sha256:6c5d7df560168ec083fd639cfca2f0e5e217b6abc5a163b54edd7a6ef5d949a1"
}

resolution @raw-autotune.work.scene-model-pack/1 {
    slot implements
    to @raw-autotune.decision.scene-perception-uses-lege-gpu-prepared-graphs/1
    hash "sha256:6c5d7df560168ec083fd639cfca2f0e5e217b6abc5a163b54edd7a6ef5d949a1"
}

resolution @raw-autotune.work.scene-model-pack/2 {
    slot implements
    to @raw-autotune.decision.scene-perception-uses-lege-gpu-prepared-graphs/1
    hash "sha256:6c5d7df560168ec083fd639cfca2f0e5e217b6abc5a163b54edd7a6ef5d949a1"
}

resolution @raw-autotune.work.scene-perception-infra/1 {
    slot after
    to @raw-autotune.work.lege-gpu-onnx-session/1
    hash "sha256:26380003bdcf1c8fdabf37358b5c0b39ea8415deecb7138758d8d64b2ab8e9e0"
}

resolution @raw-autotune.work.scene-perception-infra/1 {
    slot after
    to @raw-autotune.work.scene-model-pack/2
    hash "sha256:ce9ea3be62b12dded13bb3aa0de9b20bdf015c2aaabf08fa90fbc9c9228646f1"
}

resolution @raw-autotune.work.scene-perception-infra/1 {
    slot implements
    to @raw-autotune.decision.scene-perception-uses-lege-gpu-prepared-graphs/1
    hash "sha256:6c5d7df560168ec083fd639cfca2f0e5e217b6abc5a163b54edd7a6ef5d949a1"
}

seal @raw-autotune.assessment.scene-evidence-usefulness/1 {
    state superseded
    hash "sha256:ca03c29a0c31bd2b0d09b8edc8544eda047fe091cf547c39267b960895ab992a"
}

seal @raw-autotune.assessment.scene-evidence-usefulness/2 {
    state verified
    hash "sha256:b3146e32ff0524afb40e4ca0326cabb0858c99cc5977e7e7db14eae457116d67"
}

seal @raw-autotune.assessment.sky-blowout-estimator-handoff/1 {
    state verified
    hash "sha256:2639b99f2b61219165f9b8c9d8887af65e0e51d6c6eae57a9357b99b7bda1a81"
}

seal @raw-autotune.evidence.backlit-foliage-glow-is-exposure-20260810/1 {
    state superseded
    hash "sha256:bc81544383ac1f996fdfb73f48f815b3bbdb6db580c3d49969193ae5c0d80c2e"
}

seal @raw-autotune.evidence.backlit-foliage-glow-is-exposure-20260810/2 {
    state verified
    hash "sha256:15600de1a45586995ef7498d1a8afd6aed0661f4499589d411755c60c8f3e914"
}

seal @raw-autotune.evidence.blown-sky-renders-white-again/1 {
    state verified
    hash "sha256:461e672a7e37d2c4968dd22b3717d6bfb54ff1dc621ba5a4c4a951b41e27eeb2"
}

seal @raw-autotune.evidence.cityscapes-lraspp-lege-gpu-cpu-probe/1 {
    state verified
    hash "sha256:6d75049b93b6e17c366381daa2fd50d11e9d4214ab5e354254d8fd707e9fd54d"
}

seal @raw-autotune.evidence.compression-highlight-default-rollback-identity-20260810/1 {
    state verified
    hash "sha256:fb56a6d19b94363bcfa74bad107697d1baec2889ef39028d32abc14df43a9abb"
}

seal @raw-autotune.evidence.compression-highlight-default-rollback-tests-20260810/1 {
    state verified
    hash "sha256:a52f69bcd8a7214b2c9d606fe710600a5dea1fde9a913e850885f2076c435269"
}

seal @raw-autotune.evidence.compression-highlight-paired-gate-20260810/1 {
    state verified
    hash "sha256:3eda3606ae7bec4a9cb73bd12fb8a0b4b1055aef5e95f5dbc063931467303e30"
}

seal @raw-autotune.evidence.compression-highlight-regression-gate-20260810/1 {
    state verified
    hash "sha256:3e82add2c2147387b84f24b71f867d44d062ea4c228c107d093a31bbef1a98ec"
}

seal @raw-autotune.evidence.compression-highlight-rejection-recorded-20260810/1 {
    state verified
    hash "sha256:9de2d45f9013cdd263184eab77524a0eb1251f1b8e2ef6fe14042ad65c8771a6"
}

seal @raw-autotune.evidence.compression-highlight-sky-gate-20260810/1 {
    state verified
    hash "sha256:a43c7deea6f87786aac294a299bc8f1f793cc1e326769ad2ba2c420f13f34903"
}

seal @raw-autotune.evidence.compression-highlight-visual-rejection-20260810/1 {
    state verified
    hash "sha256:f2d41cc4ee683bdb04dc92fae30a84a31e622998e3a318c377281c0d92f28619"
}

seal @raw-autotune.evidence.compression-ratio-batch-gate/1 {
    state superseded
    hash "sha256:bbc3d2937f4cd926fc3329520c6996869b9875757be4253e36a2a798f1ada27d"
}

seal @raw-autotune.evidence.compression-ratio-batch-gate/2 {
    state verified
    hash "sha256:479bd5544d0ba3821521ae928f3f15e136a9334228c55570f10d20eec3cde550"
}

seal @raw-autotune.evidence.default-gpu-regression-suite-20260813/1 {
    state verified
    hash "sha256:bbf9b91ce8551a8f430f331ec057702ba412b847eaf1e2eea3784ea6f7e2df76"
}

seal @raw-autotune.evidence.default-lege-gpu-build-20260813/1 {
    state verified
    hash "sha256:7924b1e277598b05aec6daf459f257583426a10d3dec6e8389cc8ca43f7b318c"
}

seal @raw-autotune.evidence.encoder-hints-api-tests/1 {
    state verified
    hash "sha256:699c404038a4dcf9995c11a87cba0755ad8dc2032027ad7ae268497dd4be41d4"
}

seal @raw-autotune.evidence.encoder-hints-real-frames/1 {
    state verified
    hash "sha256:6481d3235bc30783bf698d8aeea3243c23ea34fa7e4c3b98b1f101ce189ab21d"
}

seal @raw-autotune.evidence.encoder-hints-render-neutral/1 {
    state verified
    hash "sha256:9df5c1b4052de13e79365686ab966646919c08fc9f50537299f39a66911e1293"
}

seal @raw-autotune.evidence.exact-lens-profile-gate/1 {
    state superseded
    hash "sha256:4b57ff5379a05df266b35ab5cf88b80766d43202de9a41d9d4fc033f7d05f4b9"
}

seal @raw-autotune.evidence.exact-lens-profile-gate/2 {
    state verified
    hash "sha256:0734ab30359fa7af4b359c843abf8c30db5bdd06098b5acb02353b1c51116ae0"
}

seal @raw-autotune.evidence.first-principles-highlight-suite-20260809/1 {
    state verified
    hash "sha256:1d0d30ff91f2e1670d0415af99554a8d3da87e9a28fde8a21caeab5997aaf6bb"
}

seal @raw-autotune.evidence.harmonic-abstention-full-suite-20260809/1 {
    state verified
    hash "sha256:48bd0c8df1256e174877ceb1958bc5d395afa3549bf59b4264bd55128d9c64be"
}

seal @raw-autotune.evidence.harmonic-chroma-envelope-tests-20260809/1 {
    state verified
    hash "sha256:259ee0af33a083ff58ac731fdac1864af2cba798b1613efe7b5bdb1e5d4f96e9"
}

seal @raw-autotune.evidence.harmonic-core-ramp-full-suite-20260810/1 {
    state verified
    hash "sha256:b0ba2f929a8ea107b2969f148402332f646ebc76cec2749bedc20aae4e2b35f0"
}

seal @raw-autotune.evidence.harmonic-core-ramp-render-20260810/1 {
    state verified
    hash "sha256:2c8513304de8b987e3f509ae183c1ce7d9c8f48a2fab81efad2e0c3cf7e086dc"
}

seal @raw-autotune.evidence.harmonic-default-output-identity-20260810/1 {
    state verified
    hash "sha256:f34c4a488f803fa25d3caddb1d6a1d7b9b9436036f5e139cfceaf0aba44da15b"
}

seal @raw-autotune.evidence.harmonic-default-output-identity-committed-20260810/1 {
    state verified
    hash "sha256:3c7f39600ae7badbc2ee0799e272100247f960bdc8e56ceb387b19466007b7c3"
}

seal @raw-autotune.evidence.harmonic-default-profile-consistency-20260810/1 {
    state verified
    hash "sha256:52c12c572e033506824ad3a164880e0aa7c0f79f295da16c56970143b1ef9dcf"
}

seal @raw-autotune.evidence.harmonic-default-profile-consistency-committed-20260810/1 {
    state verified
    hash "sha256:cbab712cf7b2e520b8796e6725a0e796114035d9c025b667baa9bad13e3af9d9"
}

seal @raw-autotune.evidence.harmonic-default-promotion-full-gate-20260810/1 {
    state verified
    hash "sha256:8a58d85fe1a33080ee44d01dcb18c7bcd4d94811861922ae8a15a575c377c6bf"
}

seal @raw-autotune.evidence.harmonic-default-promotion-full-gate-committed-20260810/1 {
    state verified
    hash "sha256:8c243c880b1b76defa6dc91be0e7dbe05345b1c64419a93b2d3a91d02904bd3f"
}

seal @raw-autotune.evidence.harmonic-leverage-abstention-20260809/1 {
    state verified
    hash "sha256:d8df115a414e68247d73ccfc3a061314af901cf0cd48af940e1c553eb59e44be"
}

seal @raw-autotune.evidence.harmonic-magenta-stage-diagnosis-20260809/1 {
    state verified
    hash "sha256:15426a68456a11afd74138733beb7644c6d3801e2f2d800b14a2e9ea7535f114"
}

seal @raw-autotune.evidence.harmonic-real-frame-rss-20260809/1 {
    state verified
    hash "sha256:3cc42bc5af8261f508e005aabb74ba1635cc9c7f43cb6a4b8f4c28a4faad4810"
}

seal @raw-autotune.evidence.harmonic-spatial-chroma-corpus-render/1 {
    state verified
    hash "sha256:140d207502fb1011fd4cd416c45c5c366d56e791eda753937ec3dab3f978eed8"
}

seal @raw-autotune.evidence.harmonic-spatial-chroma-full-suite/1 {
    state verified
    hash "sha256:4a22738b30aeef18a27100d221f6066558d8e0cd41947f7605df8c23a11e3123"
}

seal @raw-autotune.evidence.harmonic-spatial-chroma-synthetic-gate/1 {
    state verified
    hash "sha256:e6f1a720d5166a162b9af0ff2aeed5ce374636f8f0671a847984afde20313cdb"
}

seal @raw-autotune.evidence.highlight-fringe-origin-controls/1 {
    state superseded
    hash "sha256:75c33e1375bed89b5e6eb9420ee6717da5401d5dd50e4fedc14bf32d2881fb49"
}

seal @raw-autotune.evidence.highlight-fringe-origin-controls/2 {
    state verified
    hash "sha256:a0564b43e5b803bc18606a2686ab3230af3acba4dceb7f177cf33a474dbaf186"
}

seal @raw-autotune.evidence.highlight-method-bench-20260809/1 {
    state verified
    hash "sha256:97a81d90a883b06ad649d96927d4708efaab598a60af0283b785141406ca8788"
}

seal @raw-autotune.evidence.highlight-real-frame-gate-unavailable-20260809/1 {
    state verified
    hash "sha256:d338464f8e7609f30e2aae77605195df33c253d623159d3363b57b059e2ff1f3"
}

seal @raw-autotune.evidence.highlight-white-path-regression-gate/1 {
    state superseded
    hash "sha256:b152e859b22116190bd8a63bb4ac188786712a35b689a39e10c6d49b376be1df"
}

seal @raw-autotune.evidence.highlight-white-path-regression-gate/2 {
    state verified
    hash "sha256:0329d14f325ef4c0d019e907789a7a91cf46f8d784d5e1eb371d4be2c97ae6cc"
}

seal @raw-autotune.evidence.highlight-white-path-target-grade/1 {
    state superseded
    hash "sha256:5757acbc6c5482bc90b92af9b02ce0f46b2d73ea9a0f5e9e2442ac1916106b55"
}

seal @raw-autotune.evidence.highlight-white-path-target-grade/2 {
    state verified
    hash "sha256:7cc1343b6bf91eda35a8b460a450740ffbaf2a1ba918a19d56a0c7227db8a5c9"
}

seal @raw-autotune.evidence.lege-gpu-adapter-skip-tests/1 {
    state verified
    hash "sha256:13d7d3986009cdcec595fb3ee4c5190e53e190bb8aec719a1c5f6f6f356c1744"
}

seal @raw-autotune.evidence.mobileone-lege-gpu-cpu-probe/1 {
    state verified
    hash "sha256:e3cc0c69c81526dece5a3fc3defa83635dec473346f45121ade59e4eec8ffc84"
}

seal @raw-autotune.evidence.night-day-ev100-separation-20260813/1 {
    state verified
    hash "sha256:354c5fc0b411fe81f9e75ad2766c855f308de9e670379b8fe987d169d5e2188a"
}

seal @raw-autotune.evidence.night-day-tone-pixel-gate-20260813/1 {
    state verified
    hash "sha256:bb791d9534881cd0cacabc1417b85cfbe285013537775558fb96a2f118434a3f"
}

seal @raw-autotune.evidence.night-ev100-build-tests-20260813/1 {
    state verified
    hash "sha256:1caf4a1d7b95a6cea1395bd3ab4039c27b654ab5c8aa145241a137e1371481f1"
}

seal @raw-autotune.evidence.night-low-light-build-tests-20260810/1 {
    state verified
    hash "sha256:f53538f36264a66daae9ff6798c9c2abebf41c73fff89f2bf7baaa745cd67a88"
}

seal @raw-autotune.evidence.night-low-light-byte-identical-20260810/1 {
    state verified
    hash "sha256:4f293023a41ba98872b6e54888ba2f8c98374f8e37eee6354b6084d1c4609d22"
}

seal @raw-autotune.evidence.night-low-light-render-improvement-20260810/1 {
    state verified
    hash "sha256:1818a1e06e04c6ae9b05fcfa5070d49f73ed77d61447f66d72a72ae0959cb7e0"
}

seal @raw-autotune.evidence.profile-experiment-regression-gate/1 {
    state superseded
    hash "sha256:efc9dbfd815b0ce23acac831de68120bf5c6e52b960863ab395551199b588423"
}

seal @raw-autotune.evidence.profile-experiment-regression-gate/2 {
    state verified
    hash "sha256:08aa4effc024da5b42420df970b03b351aad5eb0c03754c8c5e0fd0118e81c32"
}

seal @raw-autotune.evidence.profile-memory-safety-gate/1 {
    state superseded
    hash "sha256:f9f07440722d1c502b1a0c0b833dd6aa1377163cc35aeb8bfcba858ed7fc8c2f"
}

seal @raw-autotune.evidence.profile-memory-safety-gate/2 {
    state verified
    hash "sha256:ca37832b1bb70087b872a47fde3187d924b76ffb012eca8ef059259fc493edde"
}

seal @raw-autotune.evidence.raw-highlight-invariants-20260809/1 {
    state verified
    hash "sha256:bed47ea3229883d94c25b6330531907ffe1ebd8c38bb8077e93e952d1af67213"
}

seal @raw-autotune.evidence.residual-purple-sky-scope-review/1 {
    state superseded
    hash "sha256:90f164a0cce938d063038354ef00a6dde5e6c821078a8f21b465ed1c55c70604"
}

seal @raw-autotune.evidence.residual-purple-sky-scope-review/2 {
    state verified
    hash "sha256:eddd3c14ffef667c43e660d3060817dcf509f259ba231cf7cbf49756e0b44522"
}

seal @raw-autotune.evidence.scene-artifacts-gitignored/1 {
    state verified
    hash "sha256:e7d7e2f69871891a33d1232974e32394adbc948c0a3f7eb9a6ce59e8727b393b"
}

seal @raw-autotune.evidence.scene-corpus-rtx4060/1 {
    state verified
    hash "sha256:d6fcd343a649fca2863b9a669a5419733186ed2c9d5d0d350415f775dd9641a3"
}

seal @raw-autotune.evidence.scene-perception-validation-20260813/1 {
    state verified
    hash "sha256:3f62cafac101924d70df1a9a8888b26598068880c95e20a5ff010dff691e3ae9"
}

seal @raw-autotune.evidence.scene-policy-remains-observational/1 {
    state verified
    hash "sha256:14932d7eeca5501688811bf8baa5d6e3f11ccde0a839363914cbb3dd983aaac4"
}

seal @raw-autotune.evidence.scene-policy-report/1 {
    state verified
    hash "sha256:3e19e12b9334bec981e8f02087010059f378fa14e191e1c68abd6530840f5b16"
}

seal @raw-autotune.evidence.scene-policy-report-tests/1 {
    state verified
    hash "sha256:72c428237715304de636adb5989c66023a89555d60b66adf448447f99dbb4649"
}

seal @raw-autotune.evidence.scene-rtx4060-pixel-identity-20260813/1 {
    state verified
    hash "sha256:502d298be291355787d0feb297a4d35199eeb29a59b8f96af4ce92920098f21a"
}

seal @raw-autotune.evidence.scene-rtx4060-vulkan-20260813/1 {
    state verified
    hash "sha256:f804b9fec35e4ab3a4d7363921b18669759ca5eb09d28feb2277b967de0002ff"
}

seal @raw-autotune.evidence.scene-visual-audit/1 {
    state verified
    hash "sha256:9c4a9365f7003300ea1ce194abcc887a429d1bf5655368af174a58ea97090e74"
}

seal @raw-autotune.evidence.semantic-inference-is-observational-20260813/1 {
    state verified
    hash "sha256:2e9e5ee52001e18858ad27d581a6e1ecfcef00504568d8da2c59b61e5a10eee2"
}

seal @raw-autotune.evidence.semantic-pixel-identity-20260813/1 {
    state verified
    hash "sha256:250587edffedaa8f0e7f89a0e94ac7102141c186a4c2313ec6f5bdb02902644e"
}

seal @raw-autotune.evidence.semantic-preview-split-20260813/1 {
    state verified
    hash "sha256:b4a228414d2790e5f4616b1310108366e7c9658b6aacb6dcd6206afd4c60b12c"
}

seal @raw-autotune.evidence.semantic-sidecar-and-masks-20260813/1 {
    state verified
    hash "sha256:0128a2b4f07fdf7cea15778eb33259943869473babd323394a93e5404b378986"
}

seal @raw-autotune.evidence.semantic-sky-camera-grade/1 {
    state verified
    hash "sha256:6be9eefb64e7c5054fc0bedada9f35a572aac5dc3cc0b50fe0aeb49a5ad51e8b"
}

seal @raw-autotune.evidence.semantic-sky-chroma-ablation/1 {
    state verified
    hash "sha256:6541bc884cde75bdb186ff2b0acfaa4bbc17430f1d5c3cba6ae8f4e0ee8813d6"
}

seal @raw-autotune.evidence.semantic-sky-chroma-camera-grade/1 {
    state verified
    hash "sha256:225aa0a548b44b84c30dd06834ceadbfc0d2ebe21a24ba6b025a66a4afda54af"
}

seal @raw-autotune.evidence.semantic-sky-feature-off/1 {
    state verified
    hash "sha256:dedaba3dfec5fcdd8c78290170a9ac5b0ef35405a3bc6460df80329e47f25f32"
}

seal @raw-autotune.evidence.semantic-sky-four-frame-ablation/1 {
    state verified
    hash "sha256:5017faa601919aab1589c6d2060ab47f4c7b4a774e12600aabd9a2e3304eaf2d"
}

seal @raw-autotune.evidence.semantic-sky-mask-tests/1 {
    state verified
    hash "sha256:4edf5b9a653fa958b900bf54e0be73a0b46d612c216785815960068fddc6d2ab"
}

seal @raw-autotune.evidence.sky-clippy-20260816/1 {
    state verified
    hash "sha256:8e3be57b06c5fda134a7634487c53d7818d769e020132c1779ae85b43a38114f"
}

seal @raw-autotune.evidence.sky-clippy-20260816-r2/1 {
    state verified
    hash "sha256:9342241022999557a699e4b4785cd07e5318e89b2d99648a8b690b318932d901"
}

seal @raw-autotune.evidence.sky-corpus-dry-run-20260816/1 {
    state verified
    hash "sha256:d7cc7f03462158ea2c541e9f21dc0431abf3aceb0e5410a0a8af2a0cca17d50b"
}

seal @raw-autotune.evidence.sky-corpus-dry-run-20260816-r2/1 {
    state verified
    hash "sha256:43c5da0d200ea75771d3cc8f731cbb96952014598be4c1fc466d3da9a189646f"
}

seal @raw-autotune.evidence.sky-final-output-20260816/1 {
    state verified
    hash "sha256:1eaf8692a09ad4d2f8a544e02c69e50c821affd4f58832f71724354bf463b420"
}

seal @raw-autotune.evidence.sky-format-20260816/1 {
    state verified
    hash "sha256:8269164d9860314c7ff88c08966f7c0babf2c7a7afaa6c80e97a744faf5560c2"
}

seal @raw-autotune.evidence.sky-format-20260816-r2/1 {
    state verified
    hash "sha256:6e7699987b0d137e8f2cbf661961b9ca0c0a9b89d2c45d9c7fade50f41082857"
}

seal @raw-autotune.evidence.sky-local-tone-hdr-20260816/1 {
    state verified
    hash "sha256:33df4df20f792d9e564647de56b0730b26c7eaf02c7c6f17ea75cc7ce7967037"
}

seal @raw-autotune.evidence.sky-local-tone-hdr-20260816-r2/1 {
    state verified
    hash "sha256:b771249facc6770ec9cff6d9afda6dacec2319539a7c603a3e1e3dc72a88d866"
}

seal @raw-autotune.evidence.sky-output-determinism-20260816/1 {
    state verified
    hash "sha256:eafbd2a96e7c909d425f472d913311c060d67d78602d9ff719378ef7d356d967"
}

seal @raw-autotune.evidence.sky-output-determinism-20260816-r2/1 {
    state verified
    hash "sha256:df229ba6775b22ef9a9da990a31ca89ad874888f6aa1dbe68b09dbef22137689"
}

seal @raw-autotune.evidence.sky-release-tests-20260816/1 {
    state verified
    hash "sha256:88326a149d7165af1fb9c2f5dbb8026f5a5695c5f6c17841ac4207d1dd46a7e6"
}

seal @raw-autotune.evidence.sky-release-tests-20260816-r2/1 {
    state verified
    hash "sha256:06e3a355e942cffe72a36834cad97981061bd9d766fb699207b7747e4650d6fc"
}

seal @raw-autotune.evidence.sky-stage-attribution-20260809/1 {
    state verified
    hash "sha256:2b7e19472a29c1d388dd5d1e44cc5bbbe1fb11e69f7ab7b7e82203be6a07470f"
}

seal @raw-autotune.evidence.sky-stage-attribution-20260816/1 {
    state verified
    hash "sha256:358eac626e549deb07e2e0ef81f15cd1082df0e44fdeaa607152562f1ebf8e8c"
}

seal @raw-autotune.evidence.sky-stage-attribution-20260816-r2/1 {
    state verified
    hash "sha256:d04ccaa4dbeda50857eedd16ee1544f1b3d7fd70435cb848a5f95e8f4d760bd4"
}

seal @raw-autotune.evidence.slice-1-diagnostic-dumps-verify/1 {
    state verified
    hash "sha256:57b8bc88187b669828cabe3241606091d95261b250584829e16bfb5a94c59f53"
}

seal @raw-autotune.evidence.slice-4-confidence-plumbing-verify/1 {
    state verified
    hash "sha256:d38b92f316cab7dcc2276a4ddee450e2eb5af50cbcf9a2d437b7a1133d00f240"
}

seal @raw-autotune.evidence.slice-5-all-targets-20260816/1 {
    state verified
    hash "sha256:4ef58ddb1a70b99b136f48c99ba084957d0930032d30de0af2172412bce28d30"
}

seal @raw-autotune.evidence.slice-5-critical-boundary-gate-20260816/1 {
    state verified
    hash "sha256:8124aca2aed831dac792e5b4a6b6eefbc061fdd2dbac7c9a735a590ae8196df6"
}

seal @raw-autotune.evidence.slice-5-dsc1289-archive-boundaries-20260816/1 {
    state verified
    hash "sha256:08bf17d19e11310c0dfa5066625554221f2746ef45c73090e4f5fcc258af1997"
}

seal @raw-autotune.evidence.slice-5-format-and-python-checks-20260816/1 {
    state verified
    hash "sha256:58ec11de6ab8108944b428050a7b1aace55f6efb9f5a56c0de4354e0d9401c36"
}

seal @raw-autotune.evidence.slice-5-joint-estimator-production-ownership-20260816/1 {
    state verified
    hash "sha256:e1c0bc365d305bee0fd3c5edeb2f6c1ae8c1a9db7bf92d96b58f22a3cb04dcc3"
}

seal @raw-autotune.evidence.slice-5-release-corpus-memory-determinism-20260816/1 {
    state verified
    hash "sha256:37cd7ca5bbb57c048c85ac997fc7505baa4f965e13ad7e04fd14db7f7bb9fffd"
}

seal @raw-autotune.evidence.slice-6-uncertainty-gated-chroma-verify/1 {
    state verified
    hash "sha256:178d1ede83406cf7f995ebc0bf148def5dec5fe2b0cdc807cbb6755ed5bf5c5a"
}

seal @raw-autotune.evidence.spatial-aq-contract-audit/1 {
    state verified
    hash "sha256:56d33ebd508fe086e7f39788f49e3c1cb3378209b007ce472a71c7aef4ccc1bb"
}

seal @raw-autotune.evidence.spatial-aq-full-suite/1 {
    state verified
    hash "sha256:bddcb06ff33150c0b1b64187dab4ef3157177adf606b39827e3b7acc79cb7484"
}

seal @raw-autotune.evidence.spatial-aq-grid-tests/1 {
    state verified
    hash "sha256:c64d2fc093abec802220920ad27d2f31448ed69f19f1cc4c14c813c3305b3251"
}

seal @raw-autotune.evidence.spatial-aq-live-4060/1 {
    state verified
    hash "sha256:115740ade400e6d0afeb9d885005357d5a42d35919e1e48dc2caf29e96b49698"
}

seal @raw-autotune.evidence.transport-area-ramp-20260809/1 {
    state verified
    hash "sha256:8fbe9f539703fd3ccf32a9a43c64c49b0c1ad202accd2756b959568a84565ad1"
}

seal @raw-autotune.evidence.uncertainty-gate-consolidation/1 {
    state verified
    hash "sha256:cd3b3bde7239b0078fecc86e514e7de911650dcb997cf619dc8b8e62424b5e00"
}

seal @raw-autotune.evidence.yunet-lege-gpu-cpu-probe/1 {
    state verified
    hash "sha256:d879d4c46e0381a109c9c5019be51e5d170295c7df6ee1bb632621bd72028a9e"
}

seal @raw-autotune.papercut.a-chained-focused-test-build-command-exceeded/1 {
    state verified
    hash "sha256:6379df805b543af9fc3f194f67fc6b5d3b8198dddb2a5962597a4391970679e7"
}

seal @raw-autotune.papercut.a-combined-read-only-akr-get-for-three-known/1 {
    state verified
    hash "sha256:30ebf0ba55a5f732d08675e2c14b7dff638d9b55c8bec8b39fa330fee9242c7f"
}

seal @raw-autotune.papercut.a-fresh-evidence-add-used-an-inferred-expansion/1 {
    state verified
    hash "sha256:1e1d5caf72e907cd56ba53b4a0afe74a3b9e70a44d6e048d88c170a385a2a5ad"
}

seal @raw-autotune.papercut.a-powershell-measure-object-call-using-a/1 {
    state verified
    hash "sha256:2d61fc32ccbee30cfe7ffc4773bad09cebaa34194fa712cfc925b03eef399a80"
}

seal @raw-autotune.papercut.a-release-build-invocation-returned-without/1 {
    state verified
    hash "sha256:c2ab5d51ace1d908de2b12bba57757ed9235ee40d49b4033e686f76d7b23c5c9"
}

seal @raw-autotune.papercut.a-targeted-cargo-test-invocation-with-two-exact/1 {
    state verified
    hash "sha256:6b124b7934b1706078dd9f6fc3ac13ea8da6a2120795248d203d21e7aad025de"
}

seal @raw-autotune.papercut.a-two-frame-lens-correction-profile-exact/1 {
    state verified
    hash "sha256:0c700ed86dd31322bf8c7298dd4517997c9eb0c99ef9cdee8a3972b53549f975"
}

seal @raw-autotune.papercut.akr-check-passed-with-commit-none-before-commit/1 {
    state verified
    hash "sha256:29de8487a4c83ddcf5f272bef083624c334053db1e33e046286faf568575a09a"
}

seal @raw-autotune.papercut.akr-explain-assessment-lists-optional-as-of-but/1 {
    state verified
    hash "sha256:4e7b3c9fc456edf86912d5dc7e99258b4ca4dd040206197656234f322503633e"
}

seal @raw-autotune.papercut.akr-get-shows-a-record-key-and-revision-but-not/1 {
    state verified
    hash "sha256:72563e459ac79372f973d673c037de5a316dd1bf82fe0da9893bfbbfa2e9c416"
}

seal @raw-autotune.papercut.akr-propose-from-rejected-a-prose-body-as-does/1 {
    state verified
    hash "sha256:47245cc0493245b65b48d991e1eeeedcee97be2c6d902bb3186d769eca2990ca"
}

seal @raw-autotune.papercut.akr-revise-from-help-describes-a-replacement/1 {
    state verified
    hash "sha256:b8911d8494a64de4310433da59ca3ca2ee1d48f4e07db4481ac36f66cc8fa76c"
}

seal @raw-autotune.papercut.akr-search-prints-record-identifiers-with/1 {
    state verified
    hash "sha256:950b80fbce59197c4859f83b1b1569ec4ec2e9b5ba00c3fe26c0f951afd928c4"
}

seal @raw-autotune.papercut.akr-supersede-documented-with-a-replacement-key/1 {
    state verified
    hash "sha256:303af0949b12e2a27f47ae0a3aeb7d76f52d943f1952aaef74a90d07e83f14f4"
}

seal @raw-autotune.papercut.cargo-test-accepts-one-positional-testname/1 {
    state verified
    hash "sha256:13a2f078decd221c325eb55a149bece27a591c6f1cce372af23ea119fcb5a35e"
}

seal @raw-autotune.papercut.cargo-test-accepts-only-one-positional-test/1 {
    state verified
    hash "sha256:05417feeceb1dbc39b9427e4404d41eeb04a6ad19e6c1731015ab88c091718ae"
}

seal @raw-autotune.papercut.fff-find-files-again-closed-its-transport-while/1 {
    state verified
    hash "sha256:2aff343190a041906df2cc7ab4f2bb1f9ae6622a26caea5e42283a80a4158fa4"
}

seal @raw-autotune.papercut.fff-multi-grep-returned-transport-closed-while/1 {
    state verified
    hash "sha256:901ea8537e2d14a9d80ef8685b69de6e44e689432ee2fc94daf58f0625287722"
}

seal @raw-autotune.papercut.fff-multi-grep-still-closes-its-transport-when/1 {
    state verified
    hash "sha256:d891f53292fb5051084bd7c0136974b050d6c6d2258141a73660435d1f493e1b"
}

seal @raw-autotune.papercut.fff-multi-grep-transport-closed-while-locating/1 {
    state verified
    hash "sha256:ee4c8188f0a3c88b64116db4978ffc25d6dff470be4ccfeb0e911961a41f9386"
}

seal @raw-autotune.papercut.forwarding-six-full-resolution-diagnostic-pngs/1 {
    state verified
    hash "sha256:6a70097e40f4ff1fef02f7afda0433cee47a80bb59982ae21c0edcebf6956ef4"
}

seal @raw-autotune.papercut.grade-sky-py-reported-zero-pairs-on-a-normal/1 {
    state verified
    hash "sha256:22bfbd4a5c102829f41b2922860938fe95fd2293d314fce571d521a5fe5bb70b"
}

seal @raw-autotune.papercut.i-tried-to-pass-several-exact-test-name-filters/1 {
    state verified
    hash "sha256:4cda1cda308b9d9daeb3500e8411a2c2f1abab970cfa50510679920b5911ecaa"
}

seal @raw-autotune.papercut.imagemagick-compare-returns-exit-status-1-when/1 {
    state verified
    hash "sha256:10fce3cdfecd9c5a8d68538ff249ebfecd110157efe12433a44bfb5261ac69f9"
}

seal @raw-autotune.papercut.imagemagick-crop-review-composition-initially/1 {
    state verified
    hash "sha256:2305018d2124c29e943042744a09e54619b47c38b3ea317a92b3807cdffb1ed3"
}

seal @raw-autotune.papercut.knowledge-context-rejects-a-completed-work/1 {
    state verified
    hash "sha256:038dd0705772b167344a74da378ddb650ed0952af5a202a85d4ed81b07f192f3"
}

seal @raw-autotune.papercut.knowledge-explain-observation-and-knowledge/1 {
    state verified
    hash "sha256:5570a67c5cde54ab35da985ae5fa5f2eef721e8b19805cd4feba871702310ba6"
}

seal @raw-autotune.papercut.knowledge-search-and-knowledge-start-via-the/1 {
    state verified
    hash "sha256:dc86069ee58851744ff9ace7348c22bf7a4813aed6322666984229716807159a"
}

seal @raw-autotune.papercut.mcp-akr-tools-knowledge-search-knowledge/1 {
    state verified
    hash "sha256:e2d024c8f2d65cf69d4051fe8bad11fed4eeeeafb1535a25d0fadc8b38bc3eec"
}

seal @raw-autotune.papercut.naming-tools-scene-models-inspect-py-shadowed/1 {
    state verified
    hash "sha256:6544c72ee786bcfc56d56c665378be6bd00ae3605a0e6ab3e2be1976722d888b"
}

seal @raw-autotune.papercut.pdftotext-poppler-not-installed-on-this-windows/1 {
    state verified
    hash "sha256:a05651186649ea267874082e292755c1bb952e31f28aa2aa921aee65709bb64c"
}

seal @raw-autotune.papercut.re-running-stage-dumps-into-an-explicit-tmp/1 {
    state verified
    hash "sha256:c0067b95fc86fdcd14a8bd26cf374b5b78935b60cdba1741f8c49b499f3a14dc"
}

seal @raw-autotune.papercut.rtx-4060-wgpu-on-linux-is-currently-unusable/1 {
    state verified
    hash "sha256:507a0119a4278423bdde6cd86e94ec95afb909401e5ce9d82f42f68b42763ae4"
}

seal @raw-autotune.papercut.running-several-read-only-akr-search-commands/1 {
    state verified
    hash "sha256:a554ba4c4ff38e4492bbb814d6c657a48139ccd54832dfd52d840e87fad2e129"
}

seal @raw-autotune.papercut.the-agents-protocol-names-knowledge-context-as/1 {
    state verified
    hash "sha256:c55867b90958947e09a8156a83cd7500f831f1b8c7be7c26b90ff61836796af2"
}

seal @raw-autotune.papercut.the-akr-cli-search-syntax-differs-from-the-mcp/1 {
    state verified
    hash "sha256:ff7e15b7e5bd17663a10d9071a497d8b218a365f3702e6eb6947cd2278ea2858"
}

seal @raw-autotune.papercut.the-corpus-smoke-command-combined-summary-file/1 {
    state verified
    hash "sha256:0d3a65d18abcde7da5f01bd93d18b8e6e7bc251e8eafaa562182e888f55b035a"
}

seal @raw-autotune.papercut.the-first-focused-cargo-test-invocation-passed/1 {
    state verified
    hash "sha256:6a94cdaa958531c1366adcb5b185ca88a661683756e549d2346803a2e58f60ec"
}

seal @raw-autotune.papercut.the-first-focused-release-test-compile-exceeded/1 {
    state verified
    hash "sha256:7daa54c7d0d31b7c4d3be409cc82593d7f0c99fd82a9a2a32d6cb3b73af47839"
}

seal @raw-autotune.papercut.the-first-standalone-python-regression-test/1 {
    state verified
    hash "sha256:0aef42edf6369034bd11b5907435939cf26601b19f9096ee49261b78a1aebf47"
}

seal @raw-autotune.papercut.the-full-batch-process-stopped-at-the-execution/1 {
    state verified
    hash "sha256:312235f55bad0f7406a89cb70521bbd4e88541b57ce9c415db16c5725537a414"
}

seal @raw-autotune.papercut.the-jobs-8-determinism-harness-used-get/1 {
    state verified
    hash "sha256:4873030cdd14265d4bf67c7bee729c48ded4703fd056cd8f47b187d576f39bea"
}

seal @raw-autotune.papercut.the-knowledge-context-mcp-connector-returned/1 {
    state verified
    hash "sha256:f5bba1c25047c16344d7508956e2c52af8d7a4102233f5ef6d5f070a3c398214"
}

seal @raw-autotune.papercut.the-low-light-analysis-only-pass-used-highlight/1 {
    state verified
    hash "sha256:adeb5807c246de376a1a2d247154e0ad3517435ba28b5ba2b60d2b2a57701840"
}

seal @raw-autotune.papercut.the-reconstruction-off-ablation-was-initially/1 {
    state verified
    hash "sha256:601294aa6f76004924b5371ee841c48eb5d5f6c3f8a6e2481d68052e8d7c0dbe"
}

seal @raw-autotune.papercut.the-unit-tests-that-pinned-the-da23c5f-near/1 {
    state verified
    hash "sha256:c49cc925918066cd6e1085d7148a23598219fad099e7633169f937aa0acffe67"
}

seal @raw-autotune.papercut.updating-a-decision-record-initially-failed/1 {
    state verified
    hash "sha256:3a46c4842839cbafb1c5db53a30aa2229c4c467c43bdb092e4e49e6e432d54aa"
}

seal @raw-autotune.papercut.while-auditing-low-light-false-positives-dry/1 {
    state verified
    hash "sha256:ae121335ae8c4573568d76cf2bf93e559552bc618efaf331306d4b7614b99b04"
}

seal @raw-autotune.papercut.while-locating-hdr-sky-local-tone-and/1 {
    state verified
    hash "sha256:1ee0b5fc47cbbd2816d657eee3e68357f29278900a0f111e7d3ad5a9ec2d8974"
}

seal @raw-autotune.papercut.while-locating-the-archived-dsc1289-source-fff/1 {
    state verified
    hash "sha256:5d0f558fce331787f4796e9ae4260ad696d9ae9894b903606bb3b28140049c70"
}

seal @raw-autotune.papercut.while-proposing-the-follow-on-work-record-a/1 {
    state verified
    hash "sha256:ea8eb78714396b504ee678659e381f41793dcbab36dbd196d0e899d7ecf065db"
}

seal @raw-autotune.papercut.while-recording-the-visual-rejection-two-apply/1 {
    state verified
    hash "sha256:9747f0d2630cfae0c6e89fb0d4632e92513f0dd926b893be30ec5de4db256a8f"
}

seal @raw-autotune.papercut.while-running-the-focused-scene-and-preview/1 {
    state verified
    hash "sha256:2d9134deff5765303bf42fe8b55b47707d9c280deb9e3e334970521f58b54f4f"
}

seal @raw-autotune.papercut.while-running-three-targeted-rust-tests-i/1 {
    state verified
    hash "sha256:c5e3288ae283b176cb9f30c153936a292f2f27597c653169464a0ffd98e80ef3"
}

seal @raw-autotune.work.compression-aware-highlight-ratio-promotion/1 {
    state superseded
    hash "sha256:4686a6951be3dae5f730cc9a3d7e5b2ec45b3d3fa466908854e3b5ea6b70dce1"
}

seal @raw-autotune.work.compression-aware-highlight-ratio-promotion/2 {
    state superseded
    hash "sha256:32d1914c0f185407cf224cc829e09edee4d984bd4fd3760466daa1770a5eaa40"
}

seal @raw-autotune.work.encoder-profile-hints-api/1 {
    state completed
    hash "sha256:3d4bd74154f2b7149d23e2c9221223d32e641dbe7a8c60259ee66b60739f8d4a"
}

seal @raw-autotune.work.harmonic-highlight-default-promotion/1 {
    state completed
    hash "sha256:5968a6d5acbab27960b4150adc0ae654f4a8b3b46fec06124256dbe3cd853550"
}

seal @raw-autotune.work.harmonic-highlight-experiment/1 {
    state superseded
    hash "sha256:139e77ccb9c822e057b9e8efca3af3a30f0c811277aa4a4a68f4da4e7cd40ab7"
}

seal @raw-autotune.work.harmonic-highlight-experiment/2 {
    state superseded
    hash "sha256:07491b035668d50475ee396433e5f90be3c6df66a6943e876de3bdc40d4200cf"
}

seal @raw-autotune.work.harmonic-highlight-experiment/3 {
    state superseded
    hash "sha256:e7126792ed1c5499b277a53a97ff108de68a044180058709f3cfa8ae4c3e31b2"
}

seal @raw-autotune.work.harmonic-highlight-experiment/4 {
    state superseded
    hash "sha256:e2908839da851f5c148d787fe2983d661493d1c2c8522eb6b670aec3f8ea12bb"
}

seal @raw-autotune.work.harmonic-highlight-experiment/5 {
    state completed
    hash "sha256:46101314d46a382245f8fd729154549621f6af01307c9121460a2736c3910f39"
}

seal @raw-autotune.work.highlight-boundary-fringe-diagnosis/1 {
    state completed
    hash "sha256:d584b8a674a24e27dadbd7e0cc6d4429bd1637785f16c8e5e7ffe20402287556"
}

seal @raw-autotune.work.lege-gpu-onnx-session/1 {
    state completed
    hash "sha256:26380003bdcf1c8fdabf37358b5c0b39ea8415deecb7138758d8d64b2ab8e9e0"
}

seal @raw-autotune.work.night-low-light-rendering/1 {
    state superseded
    hash "sha256:af020d701aa84cbe95d475ddb34dc56ac0b4a81cc9d2165d9026c7b3d449c3df"
}

seal @raw-autotune.work.night-low-light-rendering/2 {
    state completed
    hash "sha256:73bfd99bbcd7afa4642d370494a7d14f6afa49aafe4040d603410c6149b9be03"
}

seal @raw-autotune.work.profiled-purple-sky-experiment/1 {
    state completed
    hash "sha256:34203101ffbe4f16ae39d694eb6e55f3171947d5270cfd988276f3c567e1e02e"
}

seal @raw-autotune.work.raw-pyramid-highlight-baseline/1 {
    state active
    hash "sha256:9731ae0d32ded527127f1f96e154f5e0170c5bbb02b5b870fb0c1dddd96c7cad"
}

seal @raw-autotune.work.residual-purple-sky-external-scope/1 {
    state completed
    hash "sha256:2fa06f102ad0b32b14f497d71860ec974f25cf54920938141dd538d3d259b386"
}

seal @raw-autotune.work.rollback-compression-highlight-ratio-default/1 {
    state superseded
    hash "sha256:32b3892d3dcdb6d4fbb041aaa8c7cf4df7c6d2c2f351585267b4cfcd55d687ec"
}

seal @raw-autotune.work.rollback-compression-highlight-ratio-default/2 {
    state superseded
    hash "sha256:649163cf69ebd29f6e3fb17fdfb60ca5ec12bf401ed6a939f9942bb35ae12b28"
}

seal @raw-autotune.work.scene-evidence-corpus-policy/1 {
    state superseded
    hash "sha256:ee435b644e699e55ee87e5c74e3f5d3b9880d21ee2f997fd5c22efbd5b15d8d3"
}

seal @raw-autotune.work.scene-evidence-corpus-policy/2 {
    state completed
    hash "sha256:6b6b8a68938ffe48cb34083f6dbccd271eef9133b5bc2fa3d43063287f448e79"
}

seal @raw-autotune.work.scene-model-pack/1 {
    state superseded
    hash "sha256:4dd4195e53a09ba8d43bfae09c70d1d20084c56f7e211caca1f1c28023df478e"
}

seal @raw-autotune.work.scene-model-pack/2 {
    state completed
    hash "sha256:ce9ea3be62b12dded13bb3aa0de9b20bdf015c2aaabf08fa90fbc9c9228646f1"
}

seal @raw-autotune.work.scene-perception-default-lege-gpu/1 {
    state completed
    hash "sha256:679aa1c6370e37e7a4d1c37f9cd36fc03527d8e957b930f976e0a0faffba62e8"
}

seal @raw-autotune.work.scene-perception-infra/1 {
    state completed
    hash "sha256:bd35ec1c83241c124abc8491c2569b19b92c847b13377b954f40732c2f81cf40"
}

seal @raw-autotune.work.semantic-sky-chromatic-ablation/1 {
    state superseded
    hash "sha256:7355443e0d1c8e2d7cec667d9e76722560d1fbe0c2faa875aa6db7dadec21f30"
}

seal @raw-autotune.work.semantic-sky-chromatic-ablation/2 {
    state completed
    hash "sha256:a150612425a9daff0a1109b50c7bd0674d557d6b36024dd42501b2f454922c40"
}

seal @raw-autotune.work.semantic-sky-highlight-ablation/1 {
    state superseded
    hash "sha256:f2d0efbf57bf35d7141468bc6d88ee1da1fea8722c5eef4cd76e5c0f70a30661"
}

seal @raw-autotune.work.semantic-sky-highlight-ablation/2 {
    state completed
    hash "sha256:8334a182573d252b4d05b3b3b16c510d549dede4b45c624f8cabd0a97f4f8f74"
}

seal @raw-autotune.work.slice-1-diagnostic-dumps-and-clip-state-map/1 {
    state completed
    hash "sha256:9976deec55921bf6ff8569519d4331e9b8f9dd6c2f91a1688ef5b085916bb10e"
}

seal @raw-autotune.work.slice-2-synthetic-ramp-suite-and-ablation/1 {
    state completed
    hash "sha256:43a6d249ba97592ae06dfb627205db5fda4d761d56baa3c51986dff5705ece59"
}

seal @raw-autotune.work.slice-4-raw-domain-confidence-plumbing-phase-b-4/1 {
    state completed
    hash "sha256:b3c5d351b62253cf80e24f11a64e45ce19d21fd5876a8e4f70c4a1e144c25f59"
}

seal @raw-autotune.work.slice-5-joint-raw-log-chromaticity/1 {
    state completed
    hash "sha256:d19ba89dd02231b8a4fabd53981a7b1bcfdddd7d2f20bb18a8f84210a1567859"
}

seal @raw-autotune.work.slice-6-uncertainty-gated-chroma-limiting-phase/1 {
    state completed
    hash "sha256:cce5843f71c170d20e14a7a3284c3e6c538fa4a6f83c83a1c50ccf32673661db"
}

seal @raw-autotune.work.slice-8-local-tone-sky-ground-hdr-evaluation/1 {
    state superseded
    hash "sha256:520ad480c3c4850072506ce9af76979aaf7d8db0a810a2d26570f939fe811c0c"
}

seal @raw-autotune.work.slice-8-local-tone-sky-ground-hdr-evaluation/2 {
    state superseded
    hash "sha256:bd1feb02d7ec6b4e577de2238faf041b2abb2074c50a88762afa675bc08ebd70"
}

seal @raw-autotune.work.slice-8-local-tone-sky-ground-hdr-evaluation/3 {
    state superseded
    hash "sha256:bddc57cee0dc6c698417ca3b77d33705786b57e2275e39286d336b5cc4a382ea"
}

seal @raw-autotune.work.slice-8-local-tone-sky-ground-hdr-evaluation/4 {
    state active
    hash "sha256:e6a7e095526f5fcc1c48ca2305f770515a7c1024431e074dde307932516d4971"
}

seal @raw-autotune.work.spatial-semantic-aq-api/1 {
    state completed
    hash "sha256:608d4603cd961c8da6a54e2e9c394d003fd987ab2a0a48a551a52c7f1038e9fa"
}
